// !$*UTF8*$!
{
	archiveVersion = 1;
	classes = {
	};
	objectVersion = 48;
	objects = {

/* Begin PBXBuildFile section */
		65CB78E4C55B4DAE4CF8E9CE /* Pods_PSC.framework in Frameworks */ = {isa = PBXBuildFile; fileRef = E7D43722256B28B6E842803A /* Pods_PSC.framework */; };
		E0032FE42020AFE400AD7470 /* QuestionsViewController.swift in Sources */ = {isa = PBXBuildFile; fileRef = E0032FE32020AFE400AD7470 /* QuestionsViewController.swift */; };
		E0032FE72020B13A00AD7470 /* Questions.swift in Sources */ = {isa = PBXBuildFile; fileRef = E0032FE62020B13A00AD7470 /* Questions.swift */; };
		E0032FE92020DC5A00AD7470 /* User.swift in Sources */ = {isa = PBXBuildFile; fileRef = E0032FE82020DC5A00AD7470 /* User.swift */; };
		E0032FEC2020DD0700AD7470 /* LoginViewController.swift in Sources */ = {isa = PBXBuildFile; fileRef = E0032FEB2020DD0700AD7470 /* LoginViewController.swift */; };
		E0032FEE2020DD3C00AD7470 /* Common.swift in Sources */ = {isa = PBXBuildFile; fileRef = E0032FED2020DD3C00AD7470 /* Common.swift */; };
		E0049D59201F8C6E00DF28A3 /* AppDelegate.swift in Sources */ = {isa = PBXBuildFile; fileRef = E0049D58201F8C6E00DF28A3 /* AppDelegate.swift */; };
		E0049D5B201F8C6E00DF28A3 /* ViewController.swift in Sources */ = {isa = PBXBuildFile; fileRef = E0049D5A201F8C6E00DF28A3 /* ViewController.swift */; };
		E0049D5E201F8C6E00DF28A3 /* Main.storyboard in Resources */ = {isa = PBXBuildFile; fileRef = E0049D5C201F8C6E00DF28A3 /* Main.storyboard */; };
		E0049D60201F8C6E00DF28A3 /* Assets.xcassets in Resources */ = {isa = PBXBuildFile; fileRef = E0049D5F201F8C6E00DF28A3 /* Assets.xcassets */; };
		E0049D63201F8C6E00DF28A3 /* LaunchScreen.storyboard in Resources */ = {isa = PBXBuildFile; fileRef = E0049D61201F8C6E00DF28A3 /* LaunchScreen.storyboard */; };
		E0049D6D201F956F00DF28A3 /* GoogleService-Info.plist in Resources */ = {isa = PBXBuildFile; fileRef = E0049D6C201F956F00DF28A3 /* GoogleService-Info.plist */; };
		E01A79B6203B2F7000298C17 /* NotificationViewController.swift in Sources */ = {isa = PBXBuildFile; fileRef = E01A79B5203B2F7000298C17 /* NotificationViewController.swift */; };
		E01A79B8203B336200298C17 /* Notification.swift in Sources */ = {isa = PBXBuildFile; fileRef = E01A79B7203B336200298C17 /* Notification.swift */; };
		E06C716C20618F6C0096B29B /* MyProfileViewController.swift in Sources */ = {isa = PBXBuildFile; fileRef = E06C716B20618F6C0096B29B /* MyProfileViewController.swift */; };
		E072A25C2028C525005C6D3D /* DailyFeedsViewController.swift in Sources */ = {isa = PBXBuildFile; fileRef = E072A25B2028C525005C6D3D /* DailyFeedsViewController.swift */; };
		E072A25F2028C826005C6D3D /* DailyFeedsCollectionViewCell.swift in Sources */ = {isa = PBXBuildFile; fileRef = E072A25E2028C826005C6D3D /* DailyFeedsCollectionViewCell.swift */; };
		E072A2612028CAE6005C6D3D /* DailyFeeds.swift in Sources */ = {isa = PBXBuildFile; fileRef = E072A2602028CAE6005C6D3D /* DailyFeeds.swift */; };
		E0BF4354203DBBD50008410F /* AdminStoryboard.storyboard in Resources */ = {isa = PBXBuildFile; fileRef = E0BF4353203DBBD50008410F /* AdminStoryboard.storyboard */; };
		E0BF4356203DD9830008410F /* AdminNotificationViewController.swift in Sources */ = {isa = PBXBuildFile; fileRef = E0BF4355203DD9830008410F /* AdminNotificationViewController.swift */; };
		E0BF4358203DE53E0008410F /* FirebaseOperations.swift in Sources */ = {isa = PBXBuildFile; fileRef = E0BF4357203DE53E0008410F /* FirebaseOperations.swift */; };
		E0C9743220459FCA008EC716 /* DetailsViewController.swift in Sources */ = {isa = PBXBuildFile; fileRef = E0C9743120459FCA008EC716 /* DetailsViewController.swift */; };
		E0FBDE8120235A25007F36B7 /* QuestionsCollectionViewCell.swift in Sources */ = {isa = PBXBuildFile; fileRef = E0FBDE8020235A25007F36B7 /* QuestionsCollectionViewCell.swift */; };
		E0FF749A20220333009F575A /* AddQuestionsViewController.swift in Sources */ = {isa = PBXBuildFile; fileRef = E0FF749920220333009F575A /* AddQuestionsViewController.swift */; };
/* End PBXBuildFile section */

/* Begin PBXFileReference section */
		C655856A4B07E54B8275BE69 /* Pods-PSC.release.xcconfig */ = {isa = PBXFileReference; includeInIndex = 1; lastKnownFileType = text.xcconfig; name = "Pods-PSC.release.xcconfig"; path = "Pods/Target Support Files/Pods-PSC/Pods-PSC.release.xcconfig"; sourceTree = "<group>"; };
		E0032FE32020AFE400AD7470 /* QuestionsViewController.swift */ = {isa = PBXFileReference; lastKnownFileType = sourcecode.swift; path = QuestionsViewController.swift; sourceTree = "<group>"; };
		E0032FE62020B13A00AD7470 /* Questions.swift */ = {isa = PBXFileReference; lastKnownFileType = sourcecode.swift; path = Questions.swift; sourceTree = "<group>"; };
		E0032FE82020DC5A00AD7470 /* User.swift */ = {isa = PBXFileReference; lastKnownFileType = sourcecode.swift; path = User.swift; sourceTree = "<group>"; };
		E0032FEB2020DD0700AD7470 /* LoginViewController.swift */ = {isa = PBXFileReference; lastKnownFileType = sourcecode.swift; path = LoginViewController.swift; sourceTree = "<group>"; };
		E0032FED2020DD3C00AD7470 /* Common.swift */ = {isa = PBXFileReference; lastKnownFileType = sourcecode.swift; path = Common.swift; sourceTree = "<group>"; };
		E0049D55201F8C6E00DF28A3 /* PSC.app */ = {isa = PBXFileReference; explicitFileType = wrapper.application; includeInIndex = 0; path = PSC.app; sourceTree = BUILT_PRODUCTS_DIR; };
		E0049D58201F8C6E00DF28A3 /* AppDelegate.swift */ = {isa = PBXFileReference; lastKnownFileType = sourcecode.swift; path = AppDelegate.swift; sourceTree = "<group>"; };
		E0049D5A201F8C6E00DF28A3 /* ViewController.swift */ = {isa = PBXFileReference; lastKnownFileType = sourcecode.swift; path = ViewController.swift; sourceTree = "<group>"; };
		E0049D5D201F8C6E00DF28A3 /* Base */ = {isa = PBXFileReference; lastKnownFileType = file.storyboard; name = Base; path = Base.lproj/Main.storyboard; sourceTree = "<group>"; };
		E0049D5F201F8C6E00DF28A3 /* Assets.xcassets */ = {isa = PBXFileReference; lastKnownFileType = folder.assetcatalog; path = Assets.xcassets; sourceTree = "<group>"; };
		E0049D62201F8C6E00DF28A3 /* Base */ = {isa = PBXFileReference; lastKnownFileType = file.storyboard; name = Base; path = Base.lproj/LaunchScreen.storyboard; sourceTree = "<group>"; };
		E0049D64201F8C6E00DF28A3 /* Info.plist */ = {isa = PBXFileReference; lastKnownFileType = text.plist.xml; path = Info.plist; sourceTree = "<group>"; };
		E0049D6C201F956F00DF28A3 /* GoogleService-Info.plist */ = {isa = PBXFileReference; fileEncoding = 4; lastKnownFileType = text.plist.xml; path = "GoogleService-Info.plist"; sourceTree = "<group>"; };
		E01A79B5203B2F7000298C17 /* NotificationViewController.swift */ = {isa = PBXFileReference; lastKnownFileType = sourcecode.swift; path = NotificationViewController.swift; sourceTree = "<group>"; };
		E01A79B7203B336200298C17 /* Notification.swift */ = {isa = PBXFileReference; lastKnownFileType = sourcecode.swift; path = Notification.swift; sourceTree = "<group>"; };
		E06C716B20618F6C0096B29B /* MyProfileViewController.swift */ = {isa = PBXFileReference; lastKnownFileType = sourcecode.swift; path = MyProfileViewController.swift; sourceTree = "<group>"; };
		E072A25B2028C525005C6D3D /* DailyFeedsViewController.swift */ = {isa = PBXFileReference; lastKnownFileType = sourcecode.swift; path = DailyFeedsViewController.swift; sourceTree = "<group>"; };
		E072A25E2028C826005C6D3D /* DailyFeedsCollectionViewCell.swift */ = {isa = PBXFileReference; lastKnownFileType = sourcecode.swift; path = DailyFeedsCollectionViewCell.swift; sourceTree = "<group>"; };
		E072A2602028CAE6005C6D3D /* DailyFeeds.swift */ = {isa = PBXFileReference; lastKnownFileType = sourcecode.swift; path = DailyFeeds.swift; sourceTree = "<group>"; };
		E0BF4353203DBBD50008410F /* AdminStoryboard.storyboard */ = {isa = PBXFileReference; lastKnownFileType = file.storyboard; path = AdminStoryboard.storyboard; sourceTree = "<group>"; };
		E0BF4355203DD9830008410F /* AdminNotificationViewController.swift */ = {isa = PBXFileReference; lastKnownFileType = sourcecode.swift; path = AdminNotificationViewController.swift; sourceTree = "<group>"; };
		E0BF4357203DE53E0008410F /* FirebaseOperations.swift */ = {isa = PBXFileReference; lastKnownFileType = sourcecode.swift; path = FirebaseOperations.swift; sourceTree = "<group>"; };
		E0C9743120459FCA008EC716 /* DetailsViewController.swift */ = {isa = PBXFileReference; lastKnownFileType = sourcecode.swift; path = DetailsViewController.swift; sourceTree = "<group>"; };
		E0FBDE8020235A25007F36B7 /* QuestionsCollectionViewCell.swift */ = {isa = PBXFileReference; lastKnownFileType = sourcecode.swift; path = QuestionsCollectionViewCell.swift; sourceTree = "<group>"; };
		E0FF749920220333009F575A /* AddQuestionsViewController.swift */ = {isa = PBXFileReference; lastKnownFileType = sourcecode.swift; path = AddQuestionsViewController.swift; sourceTree = "<group>"; };
		E7D43722256B28B6E842803A /* Pods_PSC.framework */ = {isa = PBXFileReference; explicitFileType = wrapper.framework; includeInIndex = 0; path = Pods_PSC.framework; sourceTree = BUILT_PRODUCTS_DIR; };
		FF17286EB1E7921C6BDCF385 /* Pods-PSC.debug.xcconfig */ = {isa = PBXFileReference; includeInIndex = 1; lastKnownFileType = text.xcconfig; name = "Pods-PSC.debug.xcconfig"; path = "Pods/Target Support Files/Pods-PSC/Pods-PSC.debug.xcconfig"; sourceTree = "<group>"; };
/* End PBXFileReference section */

/* Begin PBXFrameworksBuildPhase section */
		E0049D52201F8C6E00DF28A3 /* Frameworks */ = {
			isa = PBXFrameworksBuildPhase;
			buildActionMask = 2147483647;
			files = (
				65CB78E4C55B4DAE4CF8E9CE /* Pods_PSC.framework in Frameworks */,
			);
			runOnlyForDeploymentPostprocessing = 0;
		};
/* End PBXFrameworksBuildPhase section */

/* Begin PBXGroup section */
		5C1D457891A5E85805336323 /* Frameworks */ = {
			isa = PBXGroup;
			children = (
				E7D43722256B28B6E842803A /* Pods_PSC.framework */,
			);
			name = Frameworks;
			sourceTree = "<group>";
		};
		7058E500ACF216F55B54D45C /* Pods */ = {
			isa = PBXGroup;
			children = (
				FF17286EB1E7921C6BDCF385 /* Pods-PSC.debug.xcconfig */,
				C655856A4B07E54B8275BE69 /* Pods-PSC.release.xcconfig */,
			);
			name = Pods;
			sourceTree = "<group>";
		};
		E0032FE52020AFF200AD7470 /* Plist */ = {
			isa = PBXGroup;
			children = (
				E0049D6C201F956F00DF28A3 /* GoogleService-Info.plist */,
			);
			path = Plist;
			sourceTree = "<group>";
		};
		E0032FEA2020DC6400AD7470 /* Models */ = {
			isa = PBXGroup;
			children = (
				E0032FE62020B13A00AD7470 /* Questions.swift */,
				E0032FE82020DC5A00AD7470 /* User.swift */,
				E072A2602028CAE6005C6D3D /* DailyFeeds.swift */,
				E01A79B7203B336200298C17 /* Notification.swift */,
			);
			path = Models;
			sourceTree = "<group>";
		};
		E0032FEF2020DD9C00AD7470 /* Common */ = {
			isa = PBXGroup;
			children = (
				E0032FED2020DD3C00AD7470 /* Common.swift */,
				E0BF4357203DE53E0008410F /* FirebaseOperations.swift */,
			);
			path = Common;
			sourceTree = "<group>";
		};
		E0049D4C201F8C6E00DF28A3 = {
			isa = PBXGroup;
			children = (
				E0049D57201F8C6E00DF28A3 /* PSC */,
				E0049D56201F8C6E00DF28A3 /* Products */,
				7058E500ACF216F55B54D45C /* Pods */,
				5C1D457891A5E85805336323 /* Frameworks */,
			);
			sourceTree = "<group>";
		};
		E0049D56201F8C6E00DF28A3 /* Products */ = {
			isa = PBXGroup;
			children = (
				E0049D55201F8C6E00DF28A3 /* PSC.app */,
			);
			name = Products;
			sourceTree = "<group>";
		};
		E0049D57201F8C6E00DF28A3 /* PSC */ = {
			isa = PBXGroup;
			children = (
				E01A79B4203B2F3700298C17 /* Notifications */,
				E072A25A2028C4F0005C6D3D /* Questions */,
				E0049D64201F8C6E00DF28A3 /* Info.plist */,
				E0032FEA2020DC6400AD7470 /* Models */,
				E0032FE52020AFF200AD7470 /* Plist */,
				E0049D58201F8C6E00DF28A3 /* AppDelegate.swift */,
				E0049D5A201F8C6E00DF28A3 /* ViewController.swift */,
				E0049D5C201F8C6E00DF28A3 /* Main.storyboard */,
				E0049D5F201F8C6E00DF28A3 /* Assets.xcassets */,
				E0049D61201F8C6E00DF28A3 /* LaunchScreen.storyboard */,
				E0032FEB2020DD0700AD7470 /* LoginViewController.swift */,
				E0032FEF2020DD9C00AD7470 /* Common */,
				E072A25D2028C7F2005C6D3D /* DailyFeeds */,
				E0BF4353203DBBD50008410F /* AdminStoryboard.storyboard */,
				E0BF4355203DD9830008410F /* AdminNotificationViewController.swift */,
				E06C716B20618F6C0096B29B /* MyProfileViewController.swift */,
			);
			path = PSC;
			sourceTree = "<group>";
		};
		E01A79B4203B2F3700298C17 /* Notifications */ = {
			isa = PBXGroup;
			children = (
				E01A79B5203B2F7000298C17 /* NotificationViewController.swift */,
				E0C9743120459FCA008EC716 /* DetailsViewController.swift */,
			);
			path = Notifications;
			sourceTree = "<group>";
		};
		E072A25A2028C4F0005C6D3D /* Questions */ = {
			isa = PBXGroup;
			children = (
				E0FF749920220333009F575A /* AddQuestionsViewController.swift */,
				E0032FE32020AFE400AD7470 /* QuestionsViewController.swift */,
				E0FBDE8020235A25007F36B7 /* QuestionsCollectionViewCell.swift */,
			);
			path = Questions;
			sourceTree = "<group>";
		};
		E072A25D2028C7F2005C6D3D /* DailyFeeds */ = {
			isa = PBXGroup;
			children = (
				E072A25B2028C525005C6D3D /* DailyFeedsViewController.swift */,
				E072A25E2028C826005C6D3D /* DailyFeedsCollectionViewCell.swift */,
			);
			path = DailyFeeds;
			sourceTree = "<group>";
		};
/* End PBXGroup section */

/* Begin PBXNativeTarget section */
		E0049D54201F8C6E00DF28A3 /* PSC */ = {
			isa = PBXNativeTarget;
			buildConfigurationList = E0049D67201F8C6E00DF28A3 /* Build configuration list for PBXNativeTarget "PSC" */;
			buildPhases = (
				0D20053B08D2387A1658AB1E /* [CP] Check Pods Manifest.lock */,
				E0049D51201F8C6E00DF28A3 /* Sources */,
				E0049D52201F8C6E00DF28A3 /* Frameworks */,
				E0049D53201F8C6E00DF28A3 /* Resources */,
				151DB90A5CFE935705AAF72F /* [CP] Embed Pods Frameworks */,
				A421DFFD045117EA045C203C /* [CP] Copy Pods Resources */,
			);
			buildRules = (
			);
			dependencies = (
			);
			name = PSC;
			productName = PSC;
			productReference = E0049D55201F8C6E00DF28A3 /* PSC.app */;
			productType = "com.apple.product-type.application";
		};
/* End PBXNativeTarget section */

/* Begin PBXProject section */
		E0049D4D201F8C6E00DF28A3 /* Project object */ = {
			isa = PBXProject;
			attributes = {
				LastSwiftUpdateCheck = 0920;
				LastUpgradeCheck = 0920;
				ORGANIZATIONNAME = MVN;
				TargetAttributes = {
					E0049D54201F8C6E00DF28A3 = {
						CreatedOnToolsVersion = 9.2;
						ProvisioningStyle = Automatic;
					};
				};
			};
			buildConfigurationList = E0049D50201F8C6E00DF28A3 /* Build configuration list for PBXProject "PSC" */;
			compatibilityVersion = "Xcode 8.0";
			developmentRegion = en;
			hasScannedForEncodings = 0;
			knownRegions = (
				en,
				Base,
			);
			mainGroup = E0049D4C201F8C6E00DF28A3;
			productRefGroup = E0049D56201F8C6E00DF28A3 /* Products */;
			projectDirPath = "";
			projectRoot = "";
			targets = (
				E0049D54201F8C6E00DF28A3 /* PSC */,
			);
		};
/* End PBXProject section */

/* Begin PBXResourcesBuildPhase section */
		E0049D53201F8C6E00DF28A3 /* Resources */ = {
			isa = PBXResourcesBuildPhase;
			buildActionMask = 2147483647;
			files = (
				E0049D63201F8C6E00DF28A3 /* LaunchScreen.storyboard in Resources */,
				E0049D6D201F956F00DF28A3 /* GoogleService-Info.plist in Resources */,
				E0049D60201F8C6E00DF28A3 /* Assets.xcassets in Resources */,
				E0BF4354203DBBD50008410F /* AdminStoryboard.storyboard in Resources */,
				E0049D5E201F8C6E00DF28A3 /* Main.storyboard in Resources */,
			);
			runOnlyForDeploymentPostprocessing = 0;
		};
/* End PBXResourcesBuildPhase section */

/* Begin PBXShellScriptBuildPhase section */
		0D20053B08D2387A1658AB1E /* [CP] Check Pods Manifest.lock */ = {
			isa = PBXShellScriptBuildPhase;
			buildActionMask = 2147483647;
			files = (
			);
			inputPaths = (
				"${PODS_PODFILE_DIR_PATH}/Podfile.lock",
				"${PODS_ROOT}/Manifest.lock",
			);
			name = "[CP] Check Pods Manifest.lock";
			outputPaths = (
				"$(DERIVED_FILE_DIR)/Pods-PSC-checkManifestLockResult.txt",
			);
			runOnlyForDeploymentPostprocessing = 0;
			shellPath = /bin/sh;
			shellScript = "diff \"${PODS_PODFILE_DIR_PATH}/Podfile.lock\" \"${PODS_ROOT}/Manifest.lock\" > /dev/null\nif [ $? != 0 ] ; then\n    # print error to STDERR\n    echo \"error: The sandbox is not in sync with the Podfile.lock. Run 'pod install' or update your CocoaPods installation.\" >&2\n    exit 1\nfi\n# This output is used by Xcode 'outputs' to avoid re-running this script phase.\necho \"SUCCESS\" > \"${SCRIPT_OUTPUT_FILE_0}\"\n";
			showEnvVarsInLog = 0;
		};
		151DB90A5CFE935705AAF72F /* [CP] Embed Pods Frameworks */ = {
			isa = PBXShellScriptBuildPhase;
			buildActionMask = 2147483647;
			files = (
			);
			inputPaths = (
				"${SRCROOT}/Pods/Target Support Files/Pods-PSC/Pods-PSC-frameworks.sh",
				"${BUILT_PRODUCTS_DIR}/DropDown/DropDown.framework",
				"${BUILT_PRODUCTS_DIR}/GTMOAuth2/GTMOAuth2.framework",
				"${BUILT_PRODUCTS_DIR}/GTMSessionFetcher/GTMSessionFetcher.framework",
				"${BUILT_PRODUCTS_DIR}/GoogleToolboxForMac/GoogleToolboxForMac.framework",
				"${BUILT_PRODUCTS_DIR}/M13Checkbox/M13Checkbox.framework",
				"${BUILT_PRODUCTS_DIR}/NVActivityIndicatorView/NVActivityIndicatorView.framework",
				"${BUILT_PRODUCTS_DIR}/SDWebImage/SDWebImage.framework",
				"${BUILT_PRODUCTS_DIR}/Toast-Swift/Toast_Swift.framework",
				"${BUILT_PRODUCTS_DIR}/leveldb-library/leveldb.framework",
				"${BUILT_PRODUCTS_DIR}/libwebp/libwebp.framework",
				"${BUILT_PRODUCTS_DIR}/nanopb/nanopb.framework",
			);
			name = "[CP] Embed Pods Frameworks";
			outputPaths = (
				"${TARGET_BUILD_DIR}/${FRAMEWORKS_FOLDER_PATH}/DropDown.framework",
				"${TARGET_BUILD_DIR}/${FRAMEWORKS_FOLDER_PATH}/GTMOAuth2.framework",
				"${TARGET_BUILD_DIR}/${FRAMEWORKS_FOLDER_PATH}/GTMSessionFetcher.framework",
				"${TARGET_BUILD_DIR}/${FRAMEWORKS_FOLDER_PATH}/GoogleToolboxForMac.framework",
				"${TARGET_BUILD_DIR}/${FRAMEWORKS_FOLDER_PATH}/M13Checkbox.framework",
				"${TARGET_BUILD_DIR}/${FRAMEWORKS_FOLDER_PATH}/NVActivityIndicatorView.framework",
				"${TARGET_BUILD_DIR}/${FRAMEWORKS_FOLDER_PATH}/SDWebImage.framework",
				"${TARGET_BUILD_DIR}/${FRAMEWORKS_FOLDER_PATH}/Toast_Swift.framework",
				"${TARGET_BUILD_DIR}/${FRAMEWORKS_FOLDER_PATH}/leveldb.framework",
				"${TARGET_BUILD_DIR}/${FRAMEWORKS_FOLDER_PATH}/libwebp.framework",
				"${TARGET_BUILD_DIR}/${FRAMEWORKS_FOLDER_PATH}/nanopb.framework",
			);
			runOnlyForDeploymentPostprocessing = 0;
			shellPath = /bin/sh;
			shellScript = "\"${SRCROOT}/Pods/Target Support Files/Pods-PSC/Pods-PSC-frameworks.sh\"\n";
			showEnvVarsInLog = 0;
		};
		A421DFFD045117EA045C203C /* [CP] Copy Pods Resources */ = {
			isa = PBXShellScriptBuildPhase;
			buildActionMask = 2147483647;
			files = (
			);
			inputPaths = (
				"${SRCROOT}/Pods/Target Support Files/Pods-PSC/Pods-PSC-resources.sh",
				"${PODS_CONFIGURATION_BUILD_DIR}/FirebaseUI/FirebaseAuthUI.bundle",
				"${PODS_CONFIGURATION_BUILD_DIR}/FirebaseUI/FirebaseGoogleAuthUI.bundle",
				"${PODS_CONFIGURATION_BUILD_DIR}/FirebaseUI/FirebasePhoneAuthUI.bundle",
				"${PODS_ROOT}/GoogleSignIn/Resources/GoogleSignIn.bundle",
			);
			name = "[CP] Copy Pods Resources";
			outputPaths = (
				"${TARGET_BUILD_DIR}/${UNLOCALIZED_RESOURCES_FOLDER_PATH}/FirebaseAuthUI.bundle",
				"${TARGET_BUILD_DIR}/${UNLOCALIZED_RESOURCES_FOLDER_PATH}/FirebaseGoogleAuthUI.bundle",
				"${TARGET_BUILD_DIR}/${UNLOCALIZED_RESOURCES_FOLDER_PATH}/FirebasePhoneAuthUI.bundle",
				"${TARGET_BUILD_DIR}/${UNLOCALIZED_RESOURCES_FOLDER_PATH}/GoogleSignIn.bundle",
			);
			runOnlyForDeploymentPostprocessing = 0;
			shellPath = /bin/sh;
			shellScript = "\"${SRCROOT}/Pods/Target Support Files/Pods-PSC/Pods-PSC-resources.sh\"\n";
			showEnvVarsInLog = 0;
		};
/* End PBXShellScriptBuildPhase section */

/* Begin PBXSourcesBuildPhase section */
		E0049D51201F8C6E00DF28A3 /* Sources */ = {
			isa = PBXSourcesBuildPhase;
			buildActionMask = 2147483647;
			files = (
				E0032FEC2020DD0700AD7470 /* LoginViewController.swift in Sources */,
				E072A25F2028C826005C6D3D /* DailyFeedsCollectionViewCell.swift in Sources */,
				E0FBDE8120235A25007F36B7 /* QuestionsCollectionViewCell.swift in Sources */,
				E0BF4356203DD9830008410F /* AdminNotificationViewController.swift in Sources */,
				E0049D5B201F8C6E00DF28A3 /* ViewController.swift in Sources */,
				E0032FE72020B13A00AD7470 /* Questions.swift in Sources */,
				E072A2612028CAE6005C6D3D /* DailyFeeds.swift in Sources */,
				E0049D59201F8C6E00DF28A3 /* AppDelegate.swift in Sources */,
				E0BF4358203DE53E0008410F /* FirebaseOperations.swift in Sources */,
				E0C9743220459FCA008EC716 /* DetailsViewController.swift in Sources */,
				E0FF749A20220333009F575A /* AddQuestionsViewController.swift in Sources */,
				E0032FE92020DC5A00AD7470 /* User.swift in Sources */,
				E06C716C20618F6C0096B29B /* MyProfileViewController.swift in Sources */,
				E01A79B6203B2F7000298C17 /* NotificationViewController.swift in Sources */,
				E01A79B8203B336200298C17 /* Notification.swift in Sources */,
				E0032FE42020AFE400AD7470 /* QuestionsViewController.swift in Sources */,
				E072A25C2028C525005C6D3D /* DailyFeedsViewController.swift in Sources */,
				E0032FEE2020DD3C00AD7470 /* Common.swift in Sources */,
			);
			runOnlyForDeploymentPostprocessing = 0;
		};
/* End PBXSourcesBuildPhase section */

/* Begin PBXVariantGroup section */
		E0049D5C201F8C6E00DF28A3 /* Main.storyboard */ = {
			isa = PBXVariantGroup;
			children = (
				E0049D5D201F8C6E00DF28A3 /* Base */,
			);
			name = Main.storyboard;
			sourceTree = "<group>";
		};
		E0049D61201F8C6E00DF28A3 /* LaunchScreen.storyboard */ = {
			isa = PBXVariantGroup;
			children = (
				E0049D62201F8C6E00DF28A3 /* Base */,
			);
			name = LaunchScreen.storyboard;
			sourceTree = "<group>";
		};
/* End PBXVariantGroup section */

/* Begin XCBuildConfiguration section */
		E0049D65201F8C6E00DF28A3 /* Debug */ = {
			isa = XCBuildConfiguration;
			buildSettings = {
				ALWAYS_SEARCH_USER_PATHS = NO;
				CLANG_ANALYZER_NONNULL = YES;
				CLANG_ANALYZER_NUMBER_OBJECT_CONVERSION = YES_AGGRESSIVE;
				CLANG_CXX_LANGUAGE_STANDARD = "gnu++14";
				CLANG_CXX_LIBRARY = "libc++";
				CLANG_ENABLE_MODULES = YES;
				CLANG_ENABLE_OBJC_ARC = YES;
				CLANG_WARN_BLOCK_CAPTURE_AUTORELEASING = YES;
				CLANG_WARN_BOOL_CONVERSION = YES;
				CLANG_WARN_COMMA = YES;
				CLANG_WARN_CONSTANT_CONVERSION = YES;
				CLANG_WARN_DIRECT_OBJC_ISA_USAGE = YES_ERROR;
				CLANG_WARN_DOCUMENTATION_COMMENTS = YES;
				CLANG_WARN_EMPTY_BODY = YES;
				CLANG_WARN_ENUM_CONVERSION = YES;
				CLANG_WARN_INFINITE_RECURSION = YES;
				CLANG_WARN_INT_CONVERSION = YES;
				CLANG_WARN_NON_LITERAL_NULL_CONVERSION = YES;
				CLANG_WARN_OBJC_LITERAL_CONVERSION = YES;
				CLANG_WARN_OBJC_ROOT_CLASS = YES_ERROR;
				CLANG_WARN_RANGE_LOOP_ANALYSIS = YES;
				CLANG_WARN_STRICT_PROTOTYPES = YES;
				CLANG_WARN_SUSPICIOUS_MOVE = YES;
				CLANG_WARN_UNGUARDED_AVAILABILITY = YES_AGGRESSIVE;
				CLANG_WARN_UNREACHABLE_CODE = YES;
				CLANG_WARN__DUPLICATE_METHOD_MATCH = YES;
				CODE_SIGN_IDENTITY = "iPhone Developer";
				COPY_PHASE_STRIP = NO;
				DEBUG_INFORMATION_FORMAT = dwarf;
				ENABLE_STRICT_OBJC_MSGSEND = YES;
				ENABLE_TESTABILITY = YES;
				GCC_C_LANGUAGE_STANDARD = gnu11;
				GCC_DYNAMIC_NO_PIC = NO;
				GCC_NO_COMMON_BLOCKS = YES;
				GCC_OPTIMIZATION_LEVEL = 0;
				GCC_PREPROCESSOR_DEFINITIONS = (
					"DEBUG=1",
					"$(inherited)",
				);
				GCC_WARN_64_TO_32_BIT_CONVERSION = YES;
				GCC_WARN_ABOUT_RETURN_TYPE = YES_ERROR;
				GCC_WARN_UNDECLARED_SELECTOR = YES;
				GCC_WARN_UNINITIALIZED_AUTOS = YES_AGGRESSIVE;
				GCC_WARN_UNUSED_FUNCTION = YES;
				GCC_WARN_UNUSED_VARIABLE = YES;
				IPHONEOS_DEPLOYMENT_TARGET = 11.2;
				MTL_ENABLE_DEBUG_INFO = YES;
				ONLY_ACTIVE_ARCH = YES;
				SDKROOT = iphoneos;
				SWIFT_ACTIVE_COMPILATION_CONDITIONS = DEBUG;
				SWIFT_OPTIMIZATION_LEVEL = "-Onone";
			};
			name = Debug;
		};
		E0049D66201F8C6E00DF28A3 /* Release */ = {
			isa = XCBuildConfiguration;
			buildSettings = {
				ALWAYS_SEARCH_USER_PATHS = NO;
				CLANG_ANALYZER_NONNULL = YES;
				CLANG_ANALYZER_NUMBER_OBJECT_CONVERSION = YES_AGGRESSIVE;
				CLANG_CXX_LANGUAGE_STANDARD = "gnu++14";
				CLANG_CXX_LIBRARY = "libc++";
				CLANG_ENABLE_MODULES = YES;
				CLANG_ENABLE_OBJC_ARC = YES;
				CLANG_WARN_BLOCK_CAPTURE_AUTORELEASING = YES;
				CLANG_WARN_BOOL_CONVERSION = YES;
				CLANG_WARN_COMMA = YES;
				CLANG_WARN_CONSTANT_CONVERSION = YES;
				CLANG_WARN_DIRECT_OBJC_ISA_USAGE = YES_ERROR;
				CLANG_WARN_DOCUMENTATION_COMMENTS = YES;
				CLANG_WARN_EMPTY_BODY = YES;
				CLANG_WARN_ENUM_CONVERSION = YES;
				CLANG_WARN_INFINITE_RECURSION = YES;
				CLANG_WARN_INT_CONVERSION = YES;
				CLANG_WARN_NON_LITERAL_NULL_CONVERSION = YES;
				CLANG_WARN_OBJC_LITERAL_CONVERSION = YES;
				CLANG_WARN_OBJC_ROOT_CLASS = YES_ERROR;
				CLANG_WARN_RANGE_LOOP_ANALYSIS = YES;
				CLANG_WARN_STRICT_PROTOTYPES = YES;
				CLANG_WARN_SUSPICIOUS_MOVE = YES;
				CLANG_WARN_UNGUARDED_AVAILABILITY = YES_AGGRESSIVE;
				CLANG_WARN_UNREACHABLE_CODE = YES;
				CLANG_WARN__DUPLICATE_METHOD_MATCH = YES;
				CODE_SIGN_IDENTITY = "iPhone Developer";
				COPY_PHASE_STRIP = NO;
				DEBUG_INFORMATION_FORMAT = "dwarf-with-dsym";
				ENABLE_NS_ASSERTIONS = NO;
				ENABLE_STRICT_OBJC_MSGSEND = YES;
				GCC_C_LANGUAGE_STANDARD = gnu11;
				GCC_NO_COMMON_BLOCKS = YES;
				GCC_WARN_64_TO_32_BIT_CONVERSION = YES;
				GCC_WARN_ABOUT_RETURN_TYPE = YES_ERROR;
				GCC_WARN_UNDECLARED_SELECTOR = YES;
				GCC_WARN_UNINITIALIZED_AUTOS = YES_AGGRESSIVE;
				GCC_WARN_UNUSED_FUNCTION = YES;
				GCC_WARN_UNUSED_VARIABLE = YES;
				IPHONEOS_DEPLOYMENT_TARGET = 11.2;
				MTL_ENABLE_DEBUG_INFO = NO;
				SDKROOT = iphoneos;
				SWIFT_OPTIMIZATION_LEVEL = "-Owholemodule";
				VALIDATE_PRODUCT = YES;
			};
			name = Release;
		};
		E0049D68201F8C6E00DF28A3 /* Debug */ = {
			isa = XCBuildConfiguration;
			baseConfigurationReference = FF17286EB1E7921C6BDCF385 /* Pods-PSC.debug.xcconfig */;
			buildSettings = {
				ASSETCATALOG_COMPILER_APPICON_NAME = AppIcon;
				CODE_SIGN_STYLE = Automatic;
				DEVELOPMENT_TEAM = 7JY28828U8;
				INFOPLIST_FILE = PSC/Info.plist;
				IPHONEOS_DEPLOYMENT_TARGET = 9.0;
				LD_RUNPATH_SEARCH_PATHS = "$(inherited) @executable_path/Frameworks";
				PRODUCT_BUNDLE_IDENTIFIER = MVN271192.PSC;
				PRODUCT_NAME = "$(TARGET_NAME)";
				SWIFT_VERSION = 4.0;
				TARGETED_DEVICE_FAMILY = "1,2";
			};
			name = Debug;
		};
		E0049D69201F8C6E00DF28A3 /* Release */ = {
			isa = XCBuildConfiguration;
			baseConfigurationReference = C655856A4B07E54B8275BE69 /* Pods-PSC.release.xcconfig */;
			buildSettings = {
				ASSETCATALOG_COMPILER_APPICON_NAME = AppIcon;
				CODE_SIGN_STYLE = Automatic;
				DEVELOPMENT_TEAM = 7JY28828U8;
				INFOPLIST_FILE = PSC/Info.plist;
				IPHONEOS_DEPLOYMENT_TARGET = 9.0;
				LD_RUNPATH_SEARCH_PATHS = "$(inherited) @executable_path/Frameworks";
				PRODUCT_BUNDLE_IDENTIFIER = MVN271192.PSC;
				PRODUCT_NAME = "$(TARGET_NAME)";
				SWIFT_VERSION = 4.0;
				TARGETED_DEVICE_FAMILY = "1,2";
			};
			name = Release;
		};
/* End XCBuildConfiguration section */

/* Begin XCConfigurationList section */
		E0049D50201F8C6E00DF28A3 /* Build configuration list for PBXProject "PSC" */ = {
			isa = XCConfigurationList;
			buildConfigurations = (
				E0049D65201F8C6E00DF28A3 /* Debug */,
				E0049D66201F8C6E00DF28A3 /* Release */,
			);
			defaultConfigurationIsVisible = 0;
			defaultConfigurationName = Release;
		};
		E0049D67201F8C6E00DF28A3 /* Build configuration list for PBXNativeTarget "PSC" */ = {
			isa = XCConfigurationList;
			buildConfigurations = (
				E0049D68201F8C6E00DF28A3 /* Debug */,
				E0049D69201F8C6E00DF28A3 /* Release */,
			);
			defaultConfigurationIsVisible = 0;
			defaultConfigurationName = Release;
		};
/* End XCConfigurationList section */
	};
	rootObject = E0049D4D201F8C6E00DF28A3 /* Project object */;
}
